
Microsoft Visual Studio Solution File, Format Version 12.00
# Visual Studio Version 16
VisualStudioVersion = 16.0.30804.86
MinimumVisualStudioVersion = 10.0.40219.1
Project("{FAE04EC0-301F-11D3-BF4B-00C04F79EFBC}") = "Deliverable2", "Deliverable2\Deliverable2.csproj", "{12258FC6-D5B1-4075-B4AD-FB7917DCCECE}"
EndProject
Global
	GlobalSection(SolutionConfigurationPlatforms) = preSolution
		Debug|Any CPU = Debug|Any CPU
		Release|Any CPU = Release|Any CPU
	EndGlobalSection
	GlobalSection(ProjectConfigurationPlatforms) = postSolution
		{12258FC6-D5B1-4075-B4AD-FB7917DCCECE}.Debug|Any CPU.ActiveCfg = Debug|Any CPU
		{12258FC6-D5B1-4075-B4AD-FB7917DCCECE}.Debug|Any CPU.Build.0 = Debug|Any CPU
		{12258FC6-D5B1-4075-B4AD-FB7917DCCECE}.Release|Any CPU.ActiveCfg = Release|Any CPU
		{12258FC6-D5B1-4075-B4AD-FB7917DCCECE}.Release|Any CPU.Build.0 = Release|Any CPU
	EndGlobalSection
	GlobalSection(SolutionProperties) = preSolution
		HideSolutionNode = FALSE
	EndGlobalSection
	GlobalSection(ExtensibilityGlobals) = postSolution
		SolutionGuid = {65A1A567-0F55-466A-B517-DA1B85D2BA35}
	EndGlobalSection
EndGlobal
